// !$*UTF8*$!
{
	archiveVersion = 1;
	classes = {
	};
	objectVersion = 46;
	objects = {

/* Begin PBXBuildFile section */
		956EDF261A6419F20037504B /* AppDelegate.swift in Sources */ = {isa = PBXBuildFile; fileRef = 956EDF251A6419F20037504B /* AppDelegate.swift */; };
		956EDF281A6419F20037504B /* ViewController.swift in Sources */ = {isa = PBXBuildFile; fileRef = 956EDF271A6419F20037504B /* ViewController.swift */; };
		956EDF2B1A6419F20037504B /* Main.storyboard in Resources */ = {isa = PBXBuildFile; fileRef = 956EDF291A6419F20037504B /* Main.storyboard */; };
		956EDF2D1A6419F20037504B /* Images.xcassets in Resources */ = {isa = PBXBuildFile; fileRef = 956EDF2C1A6419F20037504B /* Images.xcassets */; };
		956EDF301A6419F20037504B /* LaunchScreen.xib in Resources */ = {isa = PBXBuildFile; fileRef = 956EDF2E1A6419F20037504B /* LaunchScreen.xib */; };
		956EDF3C1A6419F20037504B /* PizzaTests.swift in Sources */ = {isa = PBXBuildFile; fileRef = 956EDF3B1A6419F20037504B /* PizzaTests.swift */; };
		956EDF461A641A2B0037504B /* Pizzafile.swift in Sources */ = {isa = PBXBuildFile; fileRef = 956EDF451A641A2B0037504B /* Pizzafile.swift */; };
/* End PBXBuildFile section */

/* Begin PBXContainerItemProxy section */
		956EDF361A6419F20037504B /* PBXContainerItemProxy */ = {
			isa = PBXContainerItemProxy;
			containerPortal = 956EDF181A6419F20037504B /* Project object */;
			proxyType = 1;
			remoteGlobalIDString = 956EDF1F1A6419F20037504B;
			remoteInfo = Pizza;
		};
/* End PBXContainerItemProxy section */

/* Begin PBXFileReference section */
		956EDF201A6419F20037504B /* Pizza.app */ = {isa = PBXFileReference; explicitFileType = wrapper.application; includeInIndex = 0; path = Pizza.app; sourceTree = BUILT_PRODUCTS_DIR; };
		956EDF241A6419F20037504B /* Info.plist */ = {isa = PBXFileReference; lastKnownFileType = text.plist.xml; path = Info.plist; sourceTree = "<group>"; };
		956EDF251A6419F20037504B /* AppDelegate.swift */ = {isa = PBXFileReference; lastKnownFileType = sourcecode.swift; path = AppDelegate.swift; sourceTree = "<group>"; };
		956EDF271A6419F20037504B /* ViewController.swift */ = {isa = PBXFileReference; lastKnownFileType = sourcecode.swift; path = ViewController.swift; sourceTree = "<group>"; };
		956EDF2A1A6419F20037504B /* Base */ = {isa = PBXFileReference; lastKnownFileType = file.storyboard; name = Base; path = Base.lproj/Main.storyboard; sourceTree = "<group>"; };
		956EDF2C1A6419F20037504B /* Images.xcassets */ = {isa = PBXFileReference; lastKnownFileType = folder.assetcatalog; path = Images.xcassets; sourceTree = "<group>"; };
		956EDF2F1A6419F20037504B /* Base */ = {isa = PBXFileReference; lastKnownFileType = file.xib; name = Base; path = Base.lproj/LaunchScreen.xib; sourceTree = "<group>"; };
		956EDF351A6419F20037504B /* PizzaTests.xctest */ = {isa = PBXFileReference; explicitFileType = wrapper.cfbundle; includeInIndex = 0; path = PizzaTests.xctest; sourceTree = BUILT_PRODUCTS_DIR; };
		956EDF3A1A6419F20037504B /* Info.plist */ = {isa = PBXFileReference; lastKnownFileType = text.plist.xml; path = Info.plist; sourceTree = "<group>"; };
		956EDF3B1A6419F20037504B /* PizzaTests.swift */ = {isa = PBXFileReference; lastKnownFileType = sourcecode.swift; path = PizzaTests.swift; sourceTree = "<group>"; };
		956EDF451A641A2B0037504B /* Pizzafile.swift */ = {isa = PBXFileReference; fileEncoding = 4; lastKnownFileType = sourcecode.swift; path = Pizzafile.swift; sourceTree = "<group>"; };
/* End PBXFileReference section */

/* Begin PBXFrameworksBuildPhase section */
		956EDF1D1A6419F20037504B /* Frameworks */ = {
			isa = PBXFrameworksBuildPhase;
			buildActionMask = 2147483647;
			files = (
			);
			runOnlyForDeploymentPostprocessing = 0;
		};
		956EDF321A6419F20037504B /* Frameworks */ = {
			isa = PBXFrameworksBuildPhase;
			buildActionMask = 2147483647;
			files = (
			);
			runOnlyForDeploymentPostprocessing = 0;
		};
/* End PBXFrameworksBuildPhase section */

/* Begin PBXGroup section */
		956EDF171A6419F20037504B = {
			isa = PBXGroup;
			children = (
				956EDF221A6419F20037504B /* Pizza */,
				956EDF381A6419F20037504B /* PizzaTests */,
				956EDF211A6419F20037504B /* Products */,
			);
			sourceTree = "<group>";
		};
		956EDF211A6419F20037504B /* Products */ = {
			isa = PBXGroup;
			children = (
				956EDF201A6419F20037504B /* Pizza.app */,
				956EDF351A6419F20037504B /* PizzaTests.xctest */,
			);
			name = Products;
			sourceTree = "<group>";
		};
		956EDF221A6419F20037504B /* Pizza */ = {
			isa = PBXGroup;
			children = (
				956EDF251A6419F20037504B /* AppDelegate.swift */,
				956EDF271A6419F20037504B /* ViewController.swift */,
				956EDF451A641A2B0037504B /* Pizzafile.swift */,
				956EDF291A6419F20037504B /* Main.storyboard */,
				956EDF2C1A6419F20037504B /* Images.xcassets */,
				956EDF2E1A6419F20037504B /* LaunchScreen.xib */,
				956EDF231A6419F20037504B /* Supporting Files */,
			);
			path = Pizza;
			sourceTree = "<group>";
		};
		956EDF231A6419F20037504B /* Supporting Files */ = {
			isa = PBXGroup;
			children = (
				956EDF241A6419F20037504B /* Info.plist */,
			);
			name = "Supporting Files";
			sourceTree = "<group>";
		};
		956EDF381A6419F20037504B /* PizzaTests */ = {
			isa = PBXGroup;
			children = (
				956EDF3B1A6419F20037504B /* PizzaTests.swift */,
				956EDF391A6419F20037504B /* Supporting Files */,
			);
			path = PizzaTests;
			sourceTree = "<group>";
		};
		956EDF391A6419F20037504B /* Supporting Files */ = {
			isa = PBXGroup;
			children = (
				956EDF3A1A6419F20037504B /* Info.plist */,
			);
			name = "Supporting Files";
			sourceTree = "<group>";
		};
/* End PBXGroup section */

/* Begin PBXNativeTarget section */
		956EDF1F1A6419F20037504B /* Pizza */ = {
			isa = PBXNativeTarget;
			buildConfigurationList = 956EDF3F1A6419F20037504B /* Build configuration list for PBXNativeTarget "Pizza" */;
			buildPhases = (
				956EDF1C1A6419F20037504B /* Sources */,
				956EDF1D1A6419F20037504B /* Frameworks */,
				956EDF1E1A6419F20037504B /* Resources */,
			);
			buildRules = (
			);
			dependencies = (
			);
			name = Pizza;
			productName = Pizza;
			productReference = 956EDF201A6419F20037504B /* Pizza.app */;
			productType = "com.apple.product-type.application";
		};
		956EDF341A6419F20037504B /* PizzaTests */ = {
			isa = PBXNativeTarget;
			buildConfigurationList = 956EDF421A6419F20037504B /* Build configuration list for PBXNativeTarget "PizzaTests" */;
			buildPhases = (
				956EDF311A6419F20037504B /* Sources */,
				956EDF321A6419F20037504B /* Frameworks */,
				956EDF331A6419F20037504B /* Resources */,
			);
			buildRules = (
			);
			dependencies = (
				956EDF371A6419F20037504B /* PBXTargetDependency */,
			);
			name = PizzaTests;
			productName = PizzaTests;
			productReference = 956EDF351A6419F20037504B /* PizzaTests.xctest */;
			productType = "com.apple.product-type.bundle.unit-test";
		};
/* End PBXNativeTarget section */

/* Begin PBXProject section */
		956EDF181A6419F20037504B /* Project object */ = {
			isa = PBXProject;
			attributes = {
				LastUpgradeCheck = 0610;
				ORGANIZATIONNAME = XavierColby;
				TargetAttributes = {
					956EDF1F1A6419F20037504B = {
						CreatedOnToolsVersion = 6.1.1;
					};
					956EDF341A6419F20037504B = {
						CreatedOnToolsVersion = 6.1.1;
						TestTargetID = 956EDF1F1A6419F20037504B;
					};
				};
			};
			buildConfigurationList = 956EDF1B1A6419F20037504B /* Build configuration list for PBXProject "Pizza" */;
			compatibilityVersion = "Xcode 3.2";
			developmentRegion = English;
			hasScannedForEncodings = 0;
			knownRegions = (
				en,
				Base,
			);
			mainGroup = 956EDF171A6419F20037504B;
			productRefGroup = 956EDF211A6419F20037504B /* Products */;
			projectDirPath = "";
			projectRoot = "";
			targets = (
				956EDF1F1A6419F20037504B /* Pizza */,
				956EDF341A6419F20037504B /* PizzaTests */,
			);
		};
/* End PBXProject section */

/* Begin PBXResourcesBuildPhase section */
		956EDF1E1A6419F20037504B /* Resources */ = {
			isa = PBXResourcesBuildPhase;
			buildActionMask = 2147483647;
			files = (
				956EDF2B1A6419F20037504B /* Main.storyboard in Resources */,
				956EDF301A6419F20037504B /* LaunchScreen.xib in Resources */,
				956EDF2D1A6419F20037504B /* Images.xcassets in Resources */,
			);
			runOnlyForDeploymentPostprocessing = 0;
		};
		956EDF331A6419F20037504B /* Resources */ = {
			isa = PBXResourcesBuildPhase;
			buildActionMask = 2147483647;
			files = (
			);
			runOnlyForDeploymentPostprocessing = 0;
		};
/* End PBXResourcesBuildPhase section */

/* Begin PBXSourcesBuildPhase section */
		956EDF1C1A6419F20037504B /* Sources */ = {
			isa = PBXSourcesBuildPhase;
			buildActionMask = 2147483647;
			files = (
				956EDF461A641A2B0037504B /* Pizzafile.swift in Sources */,
				956EDF281A6419F20037504B /* ViewController.swift in Sources */,
				956EDF261A6419F20037504B /* AppDelegate.swift in Sources */,
			);
			runOnlyForDeploymentPostprocessing = 0;
		};
		956EDF311A6419F20037504B /* Sources */ = {
			isa = PBXSourcesBuildPhase;
			buildActionMask = 2147483647;
			files = (
				956EDF3C1A6419F20037504B /* PizzaTests.swift in Sources */,
			);
			runOnlyForDeploymentPostprocessing = 0;
		};
/* End PBXSourcesBuildPhase section */

/* Begin PBXTargetDependency section */
		956EDF371A6419F20037504B /* PBXTargetDependency */ = {
			isa = PBXTargetDependency;
			target = 956EDF1F1A6419F20037504B /* Pizza */;
			targetProxy = 956EDF361A6419F20037504B /* PBXContainerItemProxy */;
		};
/* End PBXTargetDependency section */

/* Begin PBXVariantGroup section */
		956EDF291A6419F20037504B /* Main.storyboard */ = {
			isa = PBXVariantGroup;
			children = (
				956EDF2A1A6419F20037504B /* Base */,
			);
			name = Main.storyboard;
			sourceTree = "<group>";
		};
		956EDF2E1A6419F20037504B /* LaunchScreen.xib */ = {
			isa = PBXVariantGroup;
			children = (
				956EDF2F1A6419F20037504B /* Base */,
			);
			name = LaunchScreen.xib;
			sourceTree = "<group>";
		};
/* End PBXVariantGroup section */

/* Begin XCBuildConfiguration section */
		956EDF3D1A6419F20037504B /* Debug */ = {
			isa = XCBuildConfiguration;
			buildSettings = {
				ALWAYS_SEARCH_USER_PATHS = NO;
				CLANG_CXX_LANGUAGE_STANDARD = "gnu++0x";
				CLANG_CXX_LIBRARY = "libc++";
				CLANG_ENABLE_MODULES = YES;
				CLANG_ENABLE_OBJC_ARC = YES;
				CLANG_WARN_BOOL_CONVERSION = YES;
				CLANG_WARN_CONSTANT_CONVERSION = YES;
				CLANG_WARN_DIRECT_OBJC_ISA_USAGE = YES_ERROR;
				CLANG_WARN_EMPTY_BODY = YES;
				CLANG_WARN_ENUM_CONVERSION = YES;
				CLANG_WARN_INT_CONVERSION = YES;
				CLANG_WARN_OBJC_ROOT_CLASS = YES_ERROR;
				CLANG_WARN_UNREACHABLE_CODE = YES;
				CLANG_WARN__DUPLICATE_METHOD_MATCH = YES;
				"CODE_SIGN_IDENTITY[sdk=iphoneos*]" = "iPhone Developer";
				COPY_PHASE_STRIP = NO;
				ENABLE_STRICT_OBJC_MSGSEND = YES;
				GCC_C_LANGUAGE_STANDARD = gnu99;
				GCC_DYNAMIC_NO_PIC = NO;
				GCC_OPTIMIZATION_LEVEL = 0;
				GCC_PREPROCESSOR_DEFINITIONS = (
					"DEBUG=1",
					"$(inherited)",
				);
				GCC_SYMBOLS_PRIVATE_EXTERN = NO;
				GCC_WARN_64_TO_32_BIT_CONVERSION = YES;
				GCC_WARN_ABOUT_RETURN_TYPE = YES_ERROR;
				GCC_WARN_UNDECLARED_SELECTOR = YES;
				GCC_WARN_UNINITIALIZED_AUTOS = YES_AGGRESSIVE;
				GCC_WARN_UNUSED_FUNCTION = YES;
				GCC_WARN_UNUSED_VARIABLE = YES;
				IPHONEOS_DEPLOYMENT_TARGET = 8.1;
				MTL_ENABLE_DEBUG_INFO = YES;
				ONLY_ACTIVE_ARCH = YES;
				SDKROOT = iphoneos;
				SWIFT_OPTIMIZATION_LEVEL = "-Onone";
				TARGETED_DEVICE_FAMILY = "1,2";
			};
			name = Debug;
		};
		956EDF3E1A6419F20037504B /* Release */ = {
			isa = XCBuildConfiguration;
			buildSettings = {
				ALWAYS_SEARCH_USER_PATHS = NO;
				CLANG_CXX_LANGUAGE_STANDARD = "gnu++0x";
				CLANG_CXX_LIBRARY = "libc++";
				CLANG_ENABLE_MODULES = YES;
				CLANG_ENABLE_OBJC_ARC = YES;
				CLANG_WARN_BOOL_CONVERSION = YES;
				CLANG_WARN_CONSTANT_CONVERSION = YES;
				CLANG_WARN_DIRECT_OBJC_ISA_USAGE = YES_ERROR;
				CLANG_WARN_EMPTY_BODY = YES;
				CLANG_WARN_ENUM_CONVERSION = YES;
				CLANG_WARN_INT_CONVERSION = YES;
				CLANG_WARN_OBJC_ROOT_CLASS = YES_ERROR;
				CLANG_WARN_UNREACHABLE_CODE = YES;
				CLANG_WARN__DUPLICATE_METHOD_MATCH = YES;
				"CODE_SIGN_IDENTITY[sdk=iphoneos*]" = "iPhone Developer";
				COPY_PHASE_STRIP = YES;
				ENABLE_NS_ASSERTIONS = NO;
				ENABLE_STRICT_OBJC_MSGSEND = YES;
				GCC_C_LANGUAGE_STANDARD = gnu99;
				GCC_WARN_64_TO_32_BIT_CONVERSION = YES;
				GCC_WARN_ABOUT_RETURN_TYPE = YES_ERROR;
				GCC_WARN_UNDECLARED_SELECTOR = YES;
				GCC_WARN_UNINITIALIZED_AUTOS = YES_AGGRESSIVE;
				GCC_WARN_UNUSED_FUNCTION = YES;
				GCC_WARN_UNUSED_VARIABLE = YES;
				IPHONEOS_DEPLOYMENT_TARGET = 8.1;
				MTL_ENABLE_DEBUG_INFO = NO;
				SDKROOT = iphoneos;
				TARGETED_DEVICE_FAMILY = "1,2";
				VALIDATE_PRODUCT = YES;
			};
			name = Release;
		};
		956EDF401A6419F20037504B /* Debug */ = {
			isa = XCBuildConfiguration;
			buildSettings = {
				ASSETCATALOG_COMPILER_APPICON_NAME = AppIcon;
				INFOPLIST_FILE = Pizza/Info.plist;
				LD_RUNPATH_SEARCH_PATHS = "$(inherited) @executable_path/Frameworks";
				PRODUCT_NAME = "$(TARGET_NAME)";
			};
			name = Debug;
		};
		956EDF411A6419F20037504B /* Release */ = {
			isa = XCBuildConfiguration;
			buildSettings = {
				ASSETCATALOG_COMPILER_APPICON_NAME = AppIcon;
				INFOPLIST_FILE = Pizza/Info.plist;
				LD_RUNPATH_SEARCH_PATHS = "$(inherited) @executable_path/Frameworks";
				PRODUCT_NAME = "$(TARGET_NAME)";
			};
			name = Release;
		};
		956EDF431A6419F20037504B /* Debug */ = {
			isa = XCBuildConfiguration;
			buildSettings = {
				BUNDLE_LOADER = "$(TEST_HOST)";
				FRAMEWORK_SEARCH_PATHS = (
					"$(SDKROOT)/Developer/Library/Frameworks",
					"$(inherited)",
				);
				GCC_PREPROCESSOR_DEFINITIONS = (
					"DEBUG=1",
					"$(inherited)",
				);
				INFOPLIST_FILE = PizzaTests/Info.plist;
				LD_RUNPATH_SEARCH_PATHS = "$(inherited) @executable_path/Frameworks @loader_path/Frameworks";
				PRODUCT_NAME = "$(TARGET_NAME)";
				TEST_HOST = "$(BUILT_PRODUCTS_DIR)/Pizza.app/Pizza";
			};
			name = Debug;
		};
		956EDF441A6419F20037504B /* Release */ = {
			isa = XCBuildConfiguration;
			buildSettings = {
				BUNDLE_LOADER = "$(TEST_HOST)";
				FRAMEWORK_SEARCH_PATHS = (
					"$(SDKROOT)/Developer/Library/Frameworks",
					"$(inherited)",
				);
				INFOPLIST_FILE = PizzaTests/Info.plist;
				LD_RUNPATH_SEARCH_PATHS = "$(inherited) @executable_path/Frameworks @loader_path/Frameworks";
				PRODUCT_NAME = "$(TARGET_NAME)";
				TEST_HOST = "$(BUILT_PRODUCTS_DIR)/Pizza.app/Pizza";
			};
			name = Release;
		};
/* End XCBuildConfiguration section */

/* Begin XCConfigurationList section */
		956EDF1B1A6419F20037504B /* Build configuration list for PBXProject "Pizza" */ = {
			isa = XCConfigurationList;
			buildConfigurations = (
				956EDF3D1A6419F20037504B /* Debug */,
				956EDF3E1A6419F20037504B /* Release */,
			);
			defaultConfigurationIsVisible = 0;
			defaultConfigurationName = Release;
		};
		956EDF3F1A6419F20037504B /* Build configuration list for PBXNativeTarget "Pizza" */ = {
			isa = XCConfigurationList;
			buildConfigurations = (
				956EDF401A6419F20037504B /* Debug */,
				956EDF411A6419F20037504B /* Release */,
			);
			defaultConfigurationIsVisible = 0;
		};
		956EDF421A6419F20037504B /* Build configuration list for PBXNativeTarget "PizzaTests" */ = {
			isa = XCConfigurationList;
			buildConfigurations = (
				956EDF431A6419F20037504B /* Debug */,
				956EDF441A6419F20037504B /* Release */,
			);
			defaultConfigurationIsVisible = 0;
		};
/* End XCConfigurationList section */
	};
	rootObject = 956EDF181A6419F20037504B /* Project object */;
}
